{
    "name": "azora-ai-system-monitor",
    "version": "1.0.0",
    "lockfileVersion": 3,
    "requires": true,
    "packages": {
        "": {
            "name": "azora-ai-system-monitor",
            "version": "1.0.0",
            "license": "MIT",
            "dependencies": {
                "@azora/branding": "file:../../packages/branding",
                "@azora/design-system": "file:../../packages/@azora/design-system",
                "@azora/telemetry": "file:../../packages/@azora/telemetry",
                "node-fetch": "^2.6.7"
            },
            "engines": {
                "node": ">=14.0.0"
            }
        },
        "../../packages/@azora/design-system": {
            "version": "1.0.0",
            "dependencies": {
                "@azora/core": "file:../core",
                "class-variance-authority": "^0.7.0",
                "clsx": "^2.1.1",
                "react": "^18.3.1",
                "tailwind-merge": "^2.2.0"
            },
            "devDependencies": {
                "@types/node": "^20.10.6",
                "@types/react": "^18.3.0",
                "eslint": "^8.55.0",
                "typescript": "^5.3.3"
            },
            "peerDependencies": {
                "react": "^18.3.1"
            }
        },
        "../../packages/@azora/telemetry": {
            "version": "1.0.0",
            "dependencies": {
                "@azora/core": "file:../core"
            },
            "devDependencies": {
                "@types/react": "^18.2.33",
                "react": "^18.3.1",
                "typescript": "^5.2.2"
            },
            "peerDependencies": {
                "react": "^18.3.1"
            }
        },
        "../../packages/branding": {
            "name": "@azora/branding",
            "version": "1.0.0",
            "license": "PROPRIETARY",
            "dependencies": {
                "@azora/design-system": "file:../design-system",
                "react": "^18.2.0",
                "react-dom": "^18.2.0"
            },
            "devDependencies": {
                "@types/react": "^18.2.0",
                "@types/react-dom": "^18.2.0",
                "typescript": "^5.0.0"
            },
            "peerDependencies": {
                "react": "^18.0.0",
                "react-dom": "^18.0.0"
            }
        },
        "node_modules/@azora/branding": {
            "resolved": "../../packages/branding",
            "link": true
        },
        "node_modules/@azora/design-system": {
            "resolved": "../../packages/@azora/design-system",
            "link": true
        },
        "node_modules/@azora/telemetry": {
            "resolved": "../../packages/@azora/telemetry",
            "link": true
        },
        "node_modules/node-fetch": {
            "version": "2.7.0",
            "resolved": "https://registry.npmjs.org/node-fetch/-/node-fetch-2.7.0.tgz",
            "integrity": "sha512-c4FRfUm/dbcWZ7U+1Wq0AwCyFL+3nt2bEw05wfxSz+DWpWsitgmSgYmy2dQdWyKC1694ELPqMs/YzUSNozLt8A==",
            "license": "MIT",
            "dependencies": {
                "whatwg-url": "^5.0.0"
            },
            "engines": {
                "node": "4.x || >=6.0.0"
            },
            "peerDependencies": {
                "encoding": "^0.1.0"
            },
            "peerDependenciesMeta": {
                "encoding": {
                    "optional": true
                }
            }
        },
        "node_modules/tr46": {
            "version": "0.0.3",
            "resolved": "https://registry.npmjs.org/tr46/-/tr46-0.0.3.tgz",
            "integrity": "sha512-N3WMsuqV66lT30CrXNbEjx4GEwlow3v6rr4mCcv6prnfwhS01rkgyFdjPNBYd9br7LpXV1+Emh01fHnq2Gdgrw==",
            "license": "MIT"
        },
        "node_modules/webidl-conversions": {
            "version": "3.0.1",
            "resolved": "https://registry.npmjs.org/webidl-conversions/-/webidl-conversions-3.0.1.tgz",
            "integrity": "sha512-2JAn3z8AR6rjK8Sm8orRC0h/bcl/DqL7tRPdGZ4I1CjdF+EaMLmYxBHyXuKL849eucPFhvBoxMsflfOb8kxaeQ==",
            "license": "BSD-2-Clause"
        },
        "node_modules/whatwg-url": {
            "version": "5.0.0",
            "resolved": "https://registry.npmjs.org/whatwg-url/-/whatwg-url-5.0.0.tgz",
            "integrity": "sha512-saE57nupxk6v3HY35+jzBwYa0rKSy0XR8JSxZPwgLr7ys0IBzhGviA1/TUGJLmSVqs8pb9AnvICXEuOHLprYTw==",
            "license": "MIT",
            "dependencies": {
                "tr46": "~0.0.3",
                "webidl-conversions": "^3.0.0"
            }
        }
    }
}
